
Microsoft Visual Studio Solution File, Format Version 12.00
# Visual Studio Version 17
VisualStudioVersion = 17.0.31903.59
MinimumVisualStudioVersion = 10.0.40219.1
Project("{2150E333-8FDC-42A3-9474-1A3956D46DE8}") = "src", "src", "{827E0CD3-B72D-47B6-A68D-7590B98EB39B}"
EndProject
Project("{FAE04EC0-301F-11D3-BF4B-00C04F79EFBC}") = "Skuttoo.Domain", "src\Skuttoo.Domain\Skuttoo.Domain.csproj", "{51E890B6-5E63-4915-AAC3-25B2E4C31181}"
EndProject
Project("{FAE04EC0-301F-11D3-BF4B-00C04F79EFBC}") = "Skuttoo.Application", "src\Skuttoo.Application\Skuttoo.Application.csproj", "{07FD8284-A45B-4E3A-834A-78E6E0F035C2}"
EndProject
Project("{FAE04EC0-301F-11D3-BF4B-00C04F79EFBC}") = "Skuttoo.Infrastructure", "src\Skuttoo.Infrastructure\Skuttoo.Infrastructure.csproj", "{6AB8946C-BD21-4E55-9241-8EB27C7FCE1C}"
EndProject
Project("{FAE04EC0-301F-11D3-BF4B-00C04F79EFBC}") = "Skuttoo.Api", "src\Skuttoo.Api\Skuttoo.Api.csproj", "{FF7CCD06-33C2-43E7-B80D-79DB8D6673FB}"
EndProject
Project("{2150E333-8FDC-42A3-9474-1A3956D46DE8}") = "tests", "tests", "{0AB3BF05-4346-4AA6-1389-037BE0695223}"
EndProject
Project("{FAE04EC0-301F-11D3-BF4B-00C04F79EFBC}") = "Skuttoo.Tests", "tests\Skuttoo.Tests\Skuttoo.Tests.csproj", "{489EF458-6B27-4C07-B5E7-8C8C36089A54}"
EndProject
Global
	GlobalSection(SolutionConfigurationPlatforms) = preSolution
		Debug|Any CPU = Debug|Any CPU
		Debug|x64 = Debug|x64
		Debug|x86 = Debug|x86
		Release|Any CPU = Release|Any CPU
		Release|x64 = Release|x64
		Release|x86 = Release|x86
	EndGlobalSection
	GlobalSection(ProjectConfigurationPlatforms) = postSolution
		{51E890B6-5E63-4915-AAC3-25B2E4C31181}.Debug|Any CPU.ActiveCfg = Debug|Any CPU
		{51E890B6-5E63-4915-AAC3-25B2E4C31181}.Debug|Any CPU.Build.0 = Debug|Any CPU
		{51E890B6-5E63-4915-AAC3-25B2E4C31181}.Debug|x64.ActiveCfg = Debug|Any CPU
		{51E890B6-5E63-4915-AAC3-25B2E4C31181}.Debug|x64.Build.0 = Debug|Any CPU
		{51E890B6-5E63-4915-AAC3-25B2E4C31181}.Debug|x86.ActiveCfg = Debug|Any CPU
		{51E890B6-5E63-4915-AAC3-25B2E4C31181}.Debug|x86.Build.0 = Debug|Any CPU
		{51E890B6-5E63-4915-AAC3-25B2E4C31181}.Release|Any CPU.ActiveCfg = Release|Any CPU
		{51E890B6-5E63-4915-AAC3-25B2E4C31181}.Release|Any CPU.Build.0 = Release|Any CPU
		{51E890B6-5E63-4915-AAC3-25B2E4C31181}.Release|x64.ActiveCfg = Release|Any CPU
		{51E890B6-5E63-4915-AAC3-25B2E4C31181}.Release|x64.Build.0 = Release|Any CPU
		{51E890B6-5E63-4915-AAC3-25B2E4C31181}.Release|x86.ActiveCfg = Release|Any CPU
		{51E890B6-5E63-4915-AAC3-25B2E4C31181}.Release|x86.Build.0 = Release|Any CPU
		{07FD8284-A45B-4E3A-834A-78E6E0F035C2}.Debug|Any CPU.ActiveCfg = Debug|Any CPU
		{07FD8284-A45B-4E3A-834A-78E6E0F035C2}.Debug|Any CPU.Build.0 = Debug|Any CPU
		{07FD8284-A45B-4E3A-834A-78E6E0F035C2}.Debug|x64.ActiveCfg = Debug|Any CPU
		{07FD8284-A45B-4E3A-834A-78E6E0F035C2}.Debug|x64.Build.0 = Debug|Any CPU
		{07FD8284-A45B-4E3A-834A-78E6E0F035C2}.Debug|x86.ActiveCfg = Debug|Any CPU
		{07FD8284-A45B-4E3A-834A-78E6E0F035C2}.Debug|x86.Build.0 = Debug|Any CPU
		{07FD8284-A45B-4E3A-834A-78E6E0F035C2}.Release|Any CPU.ActiveCfg = Release|Any CPU
		{07FD8284-A45B-4E3A-834A-78E6E0F035C2}.Release|Any CPU.Build.0 = Release|Any CPU
		{07FD8284-A45B-4E3A-834A-78E6E0F035C2}.Release|x64.ActiveCfg = Release|Any CPU
		{07FD8284-A45B-4E3A-834A-78E6E0F035C2}.Release|x64.Build.0 = Release|Any CPU
		{07FD8284-A45B-4E3A-834A-78E6E0F035C2}.Release|x86.ActiveCfg = Release|Any CPU
		{07FD8284-A45B-4E3A-834A-78E6E0F035C2}.Release|x86.Build.0 = Release|Any CPU
		{6AB8946C-BD21-4E55-9241-8EB27C7FCE1C}.Debug|Any CPU.ActiveCfg = Debug|Any CPU
		{6AB8946C-BD21-4E55-9241-8EB27C7FCE1C}.Debug|Any CPU.Build.0 = Debug|Any CPU
		{6AB8946C-BD21-4E55-9241-8EB27C7FCE1C}.Debug|x64.ActiveCfg = Debug|Any CPU
		{6AB8946C-BD21-4E55-9241-8EB27C7FCE1C}.Debug|x64.Build.0 = Debug|Any CPU
		{6AB8946C-BD21-4E55-9241-8EB27C7FCE1C}.Debug|x86.ActiveCfg = Debug|Any CPU
		{6AB8946C-BD21-4E55-9241-8EB27C7FCE1C}.Debug|x86.Build.0 = Debug|Any CPU
		{6AB8946C-BD21-4E55-9241-8EB27C7FCE1C}.Release|Any CPU.ActiveCfg = Release|Any CPU
		{6AB8946C-BD21-4E55-9241-8EB27C7FCE1C}.Release|Any CPU.Build.0 = Release|Any CPU
		{6AB8946C-BD21-4E55-9241-8EB27C7FCE1C}.Release|x64.ActiveCfg = Release|Any CPU
		{6AB8946C-BD21-4E55-9241-8EB27C7FCE1C}.Release|x64.Build.0 = Release|Any CPU
		{6AB8946C-BD21-4E55-9241-8EB27C7FCE1C}.Release|x86.ActiveCfg = Release|Any CPU
		{6AB8946C-BD21-4E55-9241-8EB27C7FCE1C}.Release|x86.Build.0 = Release|Any CPU
		{FF7CCD06-33C2-43E7-B80D-79DB8D6673FB}.Debug|Any CPU.ActiveCfg = Debug|Any CPU
		{FF7CCD06-33C2-43E7-B80D-79DB8D6673FB}.Debug|Any CPU.Build.0 = Debug|Any CPU
		{FF7CCD06-33C2-43E7-B80D-79DB8D6673FB}.Debug|x64.ActiveCfg = Debug|Any CPU
		{FF7CCD06-33C2-43E7-B80D-79DB8D6673FB}.Debug|x64.Build.0 = Debug|Any CPU
		{FF7CCD06-33C2-43E7-B80D-79DB8D6673FB}.Debug|x86.ActiveCfg = Debug|Any CPU
		{FF7CCD06-33C2-43E7-B80D-79DB8D6673FB}.Debug|x86.Build.0 = Debug|Any CPU
		{FF7CCD06-33C2-43E7-B80D-79DB8D6673FB}.Release|Any CPU.ActiveCfg = Release|Any CPU
		{FF7CCD06-33C2-43E7-B80D-79DB8D6673FB}.Release|Any CPU.Build.0 = Release|Any CPU
		{FF7CCD06-33C2-43E7-B80D-79DB8D6673FB}.Release|x64.ActiveCfg = Release|Any CPU
		{FF7CCD06-33C2-43E7-B80D-79DB8D6673FB}.Release|x64.Build.0 = Release|Any CPU
		{FF7CCD06-33C2-43E7-B80D-79DB8D6673FB}.Release|x86.ActiveCfg = Release|Any CPU
		{FF7CCD06-33C2-43E7-B80D-79DB8D6673FB}.Release|x86.Build.0 = Release|Any CPU
		{489EF458-6B27-4C07-B5E7-8C8C36089A54}.Debug|Any CPU.ActiveCfg = Debug|Any CPU
		{489EF458-6B27-4C07-B5E7-8C8C36089A54}.Debug|Any CPU.Build.0 = Debug|Any CPU
		{489EF458-6B27-4C07-B5E7-8C8C36089A54}.Debug|x64.ActiveCfg = Debug|Any CPU
		{489EF458-6B27-4C07-B5E7-8C8C36089A54}.Debug|x64.Build.0 = Debug|Any CPU
		{489EF458-6B27-4C07-B5E7-8C8C36089A54}.Debug|x86.ActiveCfg = Debug|Any CPU
		{489EF458-6B27-4C07-B5E7-8C8C36089A54}.Debug|x86.Build.0 = Debug|Any CPU
		{489EF458-6B27-4C07-B5E7-8C8C36089A54}.Release|Any CPU.ActiveCfg = Release|Any CPU
		{489EF458-6B27-4C07-B5E7-8C8C36089A54}.Release|Any CPU.Build.0 = Release|Any CPU
		{489EF458-6B27-4C07-B5E7-8C8C36089A54}.Release|x64.ActiveCfg = Release|Any CPU
		{489EF458-6B27-4C07-B5E7-8C8C36089A54}.Release|x64.Build.0 = Release|Any CPU
		{489EF458-6B27-4C07-B5E7-8C8C36089A54}.Release|x86.ActiveCfg = Release|Any CPU
		{489EF458-6B27-4C07-B5E7-8C8C36089A54}.Release|x86.Build.0 = Release|Any CPU
	EndGlobalSection
	GlobalSection(SolutionProperties) = preSolution
		HideSolutionNode = FALSE
	EndGlobalSection
	GlobalSection(NestedProjects) = preSolution
		{51E890B6-5E63-4915-AAC3-25B2E4C31181} = {827E0CD3-B72D-47B6-A68D-7590B98EB39B}
		{07FD8284-A45B-4E3A-834A-78E6E0F035C2} = {827E0CD3-B72D-47B6-A68D-7590B98EB39B}
		{6AB8946C-BD21-4E55-9241-8EB27C7FCE1C} = {827E0CD3-B72D-47B6-A68D-7590B98EB39B}
		{FF7CCD06-33C2-43E7-B80D-79DB8D6673FB} = {827E0CD3-B72D-47B6-A68D-7590B98EB39B}
		{489EF458-6B27-4C07-B5E7-8C8C36089A54} = {0AB3BF05-4346-4AA6-1389-037BE0695223}
	EndGlobalSection
EndGlobal
